// !$*UTF8*$!
{
	archiveVersion = 1;
	classes = {
	};
	objectVersion = 55;
	objects = {

/* Begin PBXBuildFile section */
		626D57DB277D22AA00E59B45 /* Tests_iOS.swift in Sources */ = {isa = PBXBuildFile; fileRef = 626D57DA277D22AA00E59B45 /* Tests_iOS.swift */; };
		626D57DD277D22AA00E59B45 /* Tests_iOSLaunchTests.swift in Sources */ = {isa = PBXBuildFile; fileRef = 626D57DC277D22AA00E59B45 /* Tests_iOSLaunchTests.swift */; };
		626D57E7277D22AA00E59B45 /* Tests_macOS.swift in Sources */ = {isa = PBXBuildFile; fileRef = 626D57E6277D22AA00E59B45 /* Tests_macOS.swift */; };
		626D57E9277D22AA00E59B45 /* Tests_macOSLaunchTests.swift in Sources */ = {isa = PBXBuildFile; fileRef = 626D57E8277D22AA00E59B45 /* Tests_macOSLaunchTests.swift */; };
		626D57EA277D22AA00E59B45 /* Daily_Goals.xcdatamodeld in Sources */ = {isa = PBXBuildFile; fileRef = 626D57BF277D22A900E59B45 /* Daily_Goals.xcdatamodeld */; };
		626D57EB277D22AA00E59B45 /* Daily_Goals.xcdatamodeld in Sources */ = {isa = PBXBuildFile; fileRef = 626D57BF277D22A900E59B45 /* Daily_Goals.xcdatamodeld */; };
		626D57EC277D22AA00E59B45 /* Daily_GoalsApp.swift in Sources */ = {isa = PBXBuildFile; fileRef = 626D57C1277D22A900E59B45 /* Daily_GoalsApp.swift */; };
		626D57ED277D22AA00E59B45 /* Daily_GoalsApp.swift in Sources */ = {isa = PBXBuildFile; fileRef = 626D57C1277D22A900E59B45 /* Daily_GoalsApp.swift */; };
		626D57EE277D22AA00E59B45 /* MyGoalsView.swift in Sources */ = {isa = PBXBuildFile; fileRef = 626D57C2277D22A900E59B45 /* MyGoalsView.swift */; };
		626D57EF277D22AA00E59B45 /* MyGoalsView.swift in Sources */ = {isa = PBXBuildFile; fileRef = 626D57C2277D22A900E59B45 /* MyGoalsView.swift */; };
		626D57F0277D22AA00E59B45 /* Persistence.swift in Sources */ = {isa = PBXBuildFile; fileRef = 626D57C3277D22A900E59B45 /* Persistence.swift */; };
		626D57F1277D22AA00E59B45 /* Persistence.swift in Sources */ = {isa = PBXBuildFile; fileRef = 626D57C3277D22A900E59B45 /* Persistence.swift */; };
		626D57F2277D22AA00E59B45 /* Assets.xcassets in Resources */ = {isa = PBXBuildFile; fileRef = 626D57C4277D22AA00E59B45 /* Assets.xcassets */; };
		626D57F3277D22AA00E59B45 /* Assets.xcassets in Resources */ = {isa = PBXBuildFile; fileRef = 626D57C4277D22AA00E59B45 /* Assets.xcassets */; };
		626D5803277D272100E59B45 /* TLGoal.swift in Sources */ = {isa = PBXBuildFile; fileRef = 626D5802277D272100E59B45 /* TLGoal.swift */; };
		626D5804277D272100E59B45 /* TLGoal.swift in Sources */ = {isa = PBXBuildFile; fileRef = 626D5802277D272100E59B45 /* TLGoal.swift */; };
		626D5806277D294B00E59B45 /* TLGoalRecord.swift in Sources */ = {isa = PBXBuildFile; fileRef = 626D5805277D294B00E59B45 /* TLGoalRecord.swift */; };
		626D5807277D294B00E59B45 /* TLGoalRecord.swift in Sources */ = {isa = PBXBuildFile; fileRef = 626D5805277D294B00E59B45 /* TLGoalRecord.swift */; };
		626D5809277D2A0D00E59B45 /* Persistence+Preview.swift in Sources */ = {isa = PBXBuildFile; fileRef = 626D5808277D2A0D00E59B45 /* Persistence+Preview.swift */; };
		626D580A277D2A0D00E59B45 /* Persistence+Preview.swift in Sources */ = {isa = PBXBuildFile; fileRef = 626D5808277D2A0D00E59B45 /* Persistence+Preview.swift */; };
		62912E85277DDB60001EC7C1 /* DataManager.swift in Sources */ = {isa = PBXBuildFile; fileRef = 62912E84277DDB60001EC7C1 /* DataManager.swift */; };
		62912E86277DDB60001EC7C1 /* DataManager.swift in Sources */ = {isa = PBXBuildFile; fileRef = 62912E84277DDB60001EC7C1 /* DataManager.swift */; };
		62956593277D451D009CFF0D /* AddNewGoalViewModel.swift in Sources */ = {isa = PBXBuildFile; fileRef = 62956592277D451D009CFF0D /* AddNewGoalViewModel.swift */; };
		62956594277D451D009CFF0D /* AddNewGoalViewModel.swift in Sources */ = {isa = PBXBuildFile; fileRef = 62956592277D451D009CFF0D /* AddNewGoalViewModel.swift */; };
		62956596277D458D009CFF0D /* GoalIcon.swift in Sources */ = {isa = PBXBuildFile; fileRef = 62956595277D458D009CFF0D /* GoalIcon.swift */; };
		62956597277D458D009CFF0D /* GoalIcon.swift in Sources */ = {isa = PBXBuildFile; fileRef = 62956595277D458D009CFF0D /* GoalIcon.swift */; };
		62956599277D45D6009CFF0D /* AddNewGoalView.swift in Sources */ = {isa = PBXBuildFile; fileRef = 62956598277D45D6009CFF0D /* AddNewGoalView.swift */; };
		6295659A277D45D6009CFF0D /* AddNewGoalView.swift in Sources */ = {isa = PBXBuildFile; fileRef = 62956598277D45D6009CFF0D /* AddNewGoalView.swift */; };
		62B97B29277D38B50011C6E6 /* MyGoalsItemView.swift in Sources */ = {isa = PBXBuildFile; fileRef = 62B97B28277D38B50011C6E6 /* MyGoalsItemView.swift */; };
		62B97B2A277D38B50011C6E6 /* MyGoalsItemView.swift in Sources */ = {isa = PBXBuildFile; fileRef = 62B97B28277D38B50011C6E6 /* MyGoalsItemView.swift */; };
		62BDCB9F277DFC7300519D18 /* AddNewViewModel.swift in Sources */ = {isa = PBXBuildFile; fileRef = 62BDCB9E277DFC7300519D18 /* AddNewViewModel.swift */; };
		62BDCBA0277DFC7300519D18 /* AddNewViewModel.swift in Sources */ = {isa = PBXBuildFile; fileRef = 62BDCB9E277DFC7300519D18 /* AddNewViewModel.swift */; };
		62BDCBA2277E0DF900519D18 /* DataManager+Goal.swift in Sources */ = {isa = PBXBuildFile; fileRef = 62BDCBA1277E0DF900519D18 /* DataManager+Goal.swift */; };
		62BDCBA3277E0DF900519D18 /* DataManager+Goal.swift in Sources */ = {isa = PBXBuildFile; fileRef = 62BDCBA1277E0DF900519D18 /* DataManager+Goal.swift */; };
		62BDCBA5277E10CD00519D18 /* DataManager+GoalRecord.swift in Sources */ = {isa = PBXBuildFile; fileRef = 62BDCBA4277E10CD00519D18 /* DataManager+GoalRecord.swift */; };
		62BDCBA6277E10CD00519D18 /* DataManager+GoalRecord.swift in Sources */ = {isa = PBXBuildFile; fileRef = 62BDCBA4277E10CD00519D18 /* DataManager+GoalRecord.swift */; };
		62BDCBA8277E1A8600519D18 /* MyGoalsViewModel.swift in Sources */ = {isa = PBXBuildFile; fileRef = 62BDCBA7277E1A8600519D18 /* MyGoalsViewModel.swift */; };
		62BDCBA9277E1A8600519D18 /* MyGoalsViewModel.swift in Sources */ = {isa = PBXBuildFile; fileRef = 62BDCBA7277E1A8600519D18 /* MyGoalsViewModel.swift */; };
		62BDCBB2277E1E8400519D18 /* Color+CustomColors.swift in Sources */ = {isa = PBXBuildFile; fileRef = 62BDCBB1277E1E8400519D18 /* Color+CustomColors.swift */; };
		62BDCBB3277E1E8400519D18 /* Color+CustomColors.swift in Sources */ = {isa = PBXBuildFile; fileRef = 62BDCBB1277E1E8400519D18 /* Color+CustomColors.swift */; };
/* End PBXBuildFile section */

/* Begin PBXContainerItemProxy section */
		626D57D7277D22AA00E59B45 /* PBXContainerItemProxy */ = {
			isa = PBXContainerItemProxy;
			containerPortal = 626D57BA277D22A900E59B45 /* Project object */;
			proxyType = 1;
			remoteGlobalIDString = 626D57C8277D22AA00E59B45;
			remoteInfo = "Daily Goals (iOS)";
		};
		626D57E3277D22AA00E59B45 /* PBXContainerItemProxy */ = {
			isa = PBXContainerItemProxy;
			containerPortal = 626D57BA277D22A900E59B45 /* Project object */;
			proxyType = 1;
			remoteGlobalIDString = 626D57CE277D22AA00E59B45;
			remoteInfo = "Daily Goals (macOS)";
		};
/* End PBXContainerItemProxy section */

/* Begin PBXFileReference section */
		626D57C0277D22A900E59B45 /* Shared.xcdatamodel */ = {isa = PBXFileReference; lastKnownFileType = wrapper.xcdatamodel; path = Shared.xcdatamodel; sourceTree = "<group>"; };
		626D57C1277D22A900E59B45 /* Daily_GoalsApp.swift */ = {isa = PBXFileReference; lastKnownFileType = sourcecode.swift; path = Daily_GoalsApp.swift; sourceTree = "<group>"; };
		626D57C2277D22A900E59B45 /* MyGoalsView.swift */ = {isa = PBXFileReference; lastKnownFileType = sourcecode.swift; path = MyGoalsView.swift; sourceTree = "<group>"; };
		626D57C3277D22A900E59B45 /* Persistence.swift */ = {isa = PBXFileReference; lastKnownFileType = sourcecode.swift; path = Persistence.swift; sourceTree = "<group>"; };
		626D57C4277D22AA00E59B45 /* Assets.xcassets */ = {isa = PBXFileReference; lastKnownFileType = folder.assetcatalog; path = Assets.xcassets; sourceTree = "<group>"; };
		626D57C9277D22AA00E59B45 /* Daily Goals.app */ = {isa = PBXFileReference; explicitFileType = wrapper.application; includeInIndex = 0; path = "Daily Goals.app"; sourceTree = BUILT_PRODUCTS_DIR; };
		626D57CF277D22AA00E59B45 /* Daily Goals.app */ = {isa = PBXFileReference; explicitFileType = wrapper.application; includeInIndex = 0; path = "Daily Goals.app"; sourceTree = BUILT_PRODUCTS_DIR; };
		626D57D1277D22AA00E59B45 /* macOS.entitlements */ = {isa = PBXFileReference; lastKnownFileType = text.plist.entitlements; path = macOS.entitlements; sourceTree = "<group>"; };
		626D57D6277D22AA00E59B45 /* Tests iOS.xctest */ = {isa = PBXFileReference; explicitFileType = wrapper.cfbundle; includeInIndex = 0; path = "Tests iOS.xctest"; sourceTree = BUILT_PRODUCTS_DIR; };
		626D57DA277D22AA00E59B45 /* Tests_iOS.swift */ = {isa = PBXFileReference; lastKnownFileType = sourcecode.swift; path = Tests_iOS.swift; sourceTree = "<group>"; };
		626D57DC277D22AA00E59B45 /* Tests_iOSLaunchTests.swift */ = {isa = PBXFileReference; lastKnownFileType = sourcecode.swift; path = Tests_iOSLaunchTests.swift; sourceTree = "<group>"; };
		626D57E2277D22AA00E59B45 /* Tests macOS.xctest */ = {isa = PBXFileReference; explicitFileType = wrapper.cfbundle; includeInIndex = 0; path = "Tests macOS.xctest"; sourceTree = BUILT_PRODUCTS_DIR; };
		626D57E6277D22AA00E59B45 /* Tests_macOS.swift */ = {isa = PBXFileReference; lastKnownFileType = sourcecode.swift; path = Tests_macOS.swift; sourceTree = "<group>"; };
		626D57E8277D22AA00E59B45 /* Tests_macOSLaunchTests.swift */ = {isa = PBXFileReference; lastKnownFileType = sourcecode.swift; path = Tests_macOSLaunchTests.swift; sourceTree = "<group>"; };
		626D5802277D272100E59B45 /* TLGoal.swift */ = {isa = PBXFileReference; lastKnownFileType = sourcecode.swift; path = TLGoal.swift; sourceTree = "<group>"; };
		626D5805277D294B00E59B45 /* TLGoalRecord.swift */ = {isa = PBXFileReference; lastKnownFileType = sourcecode.swift; path = TLGoalRecord.swift; sourceTree = "<group>"; };
		626D5808277D2A0D00E59B45 /* Persistence+Preview.swift */ = {isa = PBXFileReference; lastKnownFileType = sourcecode.swift; path = "Persistence+Preview.swift"; sourceTree = "<group>"; };
		62912E84277DDB60001EC7C1 /* DataManager.swift */ = {isa = PBXFileReference; lastKnownFileType = sourcecode.swift; path = DataManager.swift; sourceTree = "<group>"; };
		62956592277D451D009CFF0D /* AddNewGoalViewModel.swift */ = {isa = PBXFileReference; lastKnownFileType = sourcecode.swift; path = AddNewGoalViewModel.swift; sourceTree = "<group>"; };
		62956595277D458D009CFF0D /* GoalIcon.swift */ = {isa = PBXFileReference; lastKnownFileType = sourcecode.swift; path = GoalIcon.swift; sourceTree = "<group>"; };
		62956598277D45D6009CFF0D /* AddNewGoalView.swift */ = {isa = PBXFileReference; lastKnownFileType = sourcecode.swift; path = AddNewGoalView.swift; sourceTree = "<group>"; };
		62B97B28277D38B50011C6E6 /* MyGoalsItemView.swift */ = {isa = PBXFileReference; lastKnownFileType = sourcecode.swift; path = MyGoalsItemView.swift; sourceTree = "<group>"; };
		62BDCB9E277DFC7300519D18 /* AddNewViewModel.swift */ = {isa = PBXFileReference; lastKnownFileType = sourcecode.swift; path = AddNewViewModel.swift; sourceTree = "<group>"; };
		62BDCBA1277E0DF900519D18 /* DataManager+Goal.swift */ = {isa = PBXFileReference; lastKnownFileType = sourcecode.swift; path = "DataManager+Goal.swift"; sourceTree = "<group>"; };
		62BDCBA4277E10CD00519D18 /* DataManager+GoalRecord.swift */ = {isa = PBXFileReference; lastKnownFileType = sourcecode.swift; path = "DataManager+GoalRecord.swift"; sourceTree = "<group>"; };
		62BDCBA7277E1A8600519D18 /* MyGoalsViewModel.swift */ = {isa = PBXFileReference; lastKnownFileType = sourcecode.swift; path = MyGoalsViewModel.swift; sourceTree = "<group>"; };
		62BDCBB1277E1E8400519D18 /* Color+CustomColors.swift */ = {isa = PBXFileReference; lastKnownFileType = sourcecode.swift; path = "Color+CustomColors.swift"; sourceTree = "<group>"; };
/* End PBXFileReference section */

/* Begin PBXFrameworksBuildPhase section */
		626D57C6277D22AA00E59B45 /* Frameworks */ = {
			isa = PBXFrameworksBuildPhase;
			buildActionMask = 2147483647;
			files = (
			);
			runOnlyForDeploymentPostprocessing = 0;
		};
		626D57CC277D22AA00E59B45 /* Frameworks */ = {
			isa = PBXFrameworksBuildPhase;
			buildActionMask = 2147483647;
			files = (
			);
			runOnlyForDeploymentPostprocessing = 0;
		};
		626D57D3277D22AA00E59B45 /* Frameworks */ = {
			isa = PBXFrameworksBuildPhase;
			buildActionMask = 2147483647;
			files = (
			);
			runOnlyForDeploymentPostprocessing = 0;
		};
		626D57DF277D22AA00E59B45 /* Frameworks */ = {
			isa = PBXFrameworksBuildPhase;
			buildActionMask = 2147483647;
			files = (
			);
			runOnlyForDeploymentPostprocessing = 0;
		};
/* End PBXFrameworksBuildPhase section */

/* Begin PBXGroup section */
		626D57B9277D22A900E59B45 = {
			isa = PBXGroup;
			children = (
				626D57BE277D22A900E59B45 /* Shared */,
				626D57D0277D22AA00E59B45 /* macOS */,
				626D57D9277D22AA00E59B45 /* Tests iOS */,
				626D57E5277D22AA00E59B45 /* Tests macOS */,
				626D57CA277D22AA00E59B45 /* Products */,
			);
			sourceTree = "<group>";
		};
		626D57BE277D22A900E59B45 /* Shared */ = {
			isa = PBXGroup;
			children = (
				62BDCBAF277E1CA800519D18 /* CoreData */,
				62BDCBAB277E1C3100519D18 /* DataManager */,
				62BDCBAE277E1C8E00519D18 /* Models */,
				62BDCBB0277E1CBD00519D18 /* Supporting */,
				62BDCBAD277E1C6000519D18 /* ViewModels */,
				62BDCBAC277E1C4F00519D18 /* Views */,
			);
			path = Shared;
			sourceTree = "<group>";
		};
		626D57CA277D22AA00E59B45 /* Products */ = {
			isa = PBXGroup;
			children = (
				626D57C9277D22AA00E59B45 /* Daily Goals.app */,
				626D57CF277D22AA00E59B45 /* Daily Goals.app */,
				626D57D6277D22AA00E59B45 /* Tests iOS.xctest */,
				626D57E2277D22AA00E59B45 /* Tests macOS.xctest */,
			);
			name = Products;
			sourceTree = "<group>";
		};
		626D57D0277D22AA00E59B45 /* macOS */ = {
			isa = PBXGroup;
			children = (
				626D57D1277D22AA00E59B45 /* macOS.entitlements */,
			);
			path = macOS;
			sourceTree = "<group>";
		};
		626D57D9277D22AA00E59B45 /* Tests iOS */ = {
			isa = PBXGroup;
			children = (
				626D57DA277D22AA00E59B45 /* Tests_iOS.swift */,
				626D57DC277D22AA00E59B45 /* Tests_iOSLaunchTests.swift */,
			);
			path = "Tests iOS";
			sourceTree = "<group>";
		};
		626D57E5277D22AA00E59B45 /* Tests macOS */ = {
			isa = PBXGroup;
			children = (
				626D57E6277D22AA00E59B45 /* Tests_macOS.swift */,
				626D57E8277D22AA00E59B45 /* Tests_macOSLaunchTests.swift */,
			);
			path = "Tests macOS";
			sourceTree = "<group>";
		};
		62BDCBAB277E1C3100519D18 /* DataManager */ = {
			isa = PBXGroup;
			children = (
				62912E84277DDB60001EC7C1 /* DataManager.swift */,
				62BDCBA1277E0DF900519D18 /* DataManager+Goal.swift */,
				62BDCBA4277E10CD00519D18 /* DataManager+GoalRecord.swift */,
			);
			path = DataManager;
			sourceTree = "<group>";
		};
		62BDCBAC277E1C4F00519D18 /* Views */ = {
			isa = PBXGroup;
			children = (
				62956598277D45D6009CFF0D /* AddNewGoalView.swift */,
				62B97B28277D38B50011C6E6 /* MyGoalsItemView.swift */,
				626D57C2277D22A900E59B45 /* MyGoalsView.swift */,
			);
			path = Views;
			sourceTree = "<group>";
		};
		62BDCBAD277E1C6000519D18 /* ViewModels */ = {
			isa = PBXGroup;
			children = (
				62956592277D451D009CFF0D /* AddNewGoalViewModel.swift */,
				62BDCB9E277DFC7300519D18 /* AddNewViewModel.swift */,
				62BDCBA7277E1A8600519D18 /* MyGoalsViewModel.swift */,
			);
			path = ViewModels;
			sourceTree = "<group>";
		};
		62BDCBAE277E1C8E00519D18 /* Models */ = {
			isa = PBXGroup;
			children = (
				626D5802277D272100E59B45 /* TLGoal.swift */,
				626D5805277D294B00E59B45 /* TLGoalRecord.swift */,
			);
			path = Models;
			sourceTree = "<group>";
		};
		62BDCBAF277E1CA800519D18 /* CoreData */ = {
			isa = PBXGroup;
			children = (
				626D57C3277D22A900E59B45 /* Persistence.swift */,
				626D5808277D2A0D00E59B45 /* Persistence+Preview.swift */,
			);
			path = CoreData;
			sourceTree = "<group>";
		};
		62BDCBB0277E1CBD00519D18 /* Supporting */ = {
			isa = PBXGroup;
			children = (
				626D57C4277D22AA00E59B45 /* Assets.xcassets */,
				62BDCBB1277E1E8400519D18 /* Color+CustomColors.swift */,
				626D57BF277D22A900E59B45 /* Daily_Goals.xcdatamodeld */,
				626D57C1277D22A900E59B45 /* Daily_GoalsApp.swift */,
				62956595277D458D009CFF0D /* GoalIcon.swift */,
			);
			path = Supporting;
			sourceTree = "<group>";
		};
/* End PBXGroup section */

/* Begin PBXNativeTarget section */
		626D57C8277D22AA00E59B45 /* Daily Goals (iOS) */ = {
			isa = PBXNativeTarget;
			buildConfigurationList = 626D57F6277D22AA00E59B45 /* Build configuration list for PBXNativeTarget "Daily Goals (iOS)" */;
			buildPhases = (
				626D57C5277D22AA00E59B45 /* Sources */,
				626D57C6277D22AA00E59B45 /* Frameworks */,
				626D57C7277D22AA00E59B45 /* Resources */,
			);
			buildRules = (
			);
			dependencies = (
			);
			name = "Daily Goals (iOS)";
			productName = "Daily Goals (iOS)";
			productReference = 626D57C9277D22AA00E59B45 /* Daily Goals.app */;
			productType = "com.apple.product-type.application";
		};
		626D57CE277D22AA00E59B45 /* Daily Goals (macOS) */ = {
			isa = PBXNativeTarget;
			buildConfigurationList = 626D57F9277D22AA00E59B45 /* Build configuration list for PBXNativeTarget "Daily Goals (macOS)" */;
			buildPhases = (
				626D57CB277D22AA00E59B45 /* Sources */,
				626D57CC277D22AA00E59B45 /* Frameworks */,
				626D57CD277D22AA00E59B45 /* Resources */,
			);
			buildRules = (
			);
			dependencies = (
			);
			name = "Daily Goals (macOS)";
			productName = "Daily Goals (macOS)";
			productReference = 626D57CF277D22AA00E59B45 /* Daily Goals.app */;
			productType = "com.apple.product-type.application";
		};
		626D57D5277D22AA00E59B45 /* Tests iOS */ = {
			isa = PBXNativeTarget;
			buildConfigurationList = 626D57FC277D22AA00E59B45 /* Build configuration list for PBXNativeTarget "Tests iOS" */;
			buildPhases = (
				626D57D2277D22AA00E59B45 /* Sources */,
				626D57D3277D22AA00E59B45 /* Frameworks */,
				626D57D4277D22AA00E59B45 /* Resources */,
			);
			buildRules = (
			);
			dependencies = (
				626D57D8277D22AA00E59B45 /* PBXTargetDependency */,
			);
			name = "Tests iOS";
			productName = "Tests iOS";
			productReference = 626D57D6277D22AA00E59B45 /* Tests iOS.xctest */;
			productType = "com.apple.product-type.bundle.ui-testing";
		};
		626D57E1277D22AA00E59B45 /* Tests macOS */ = {
			isa = PBXNativeTarget;
			buildConfigurationList = 626D57FF277D22AA00E59B45 /* Build configuration list for PBXNativeTarget "Tests macOS" */;
			buildPhases = (
				626D57DE277D22AA00E59B45 /* Sources */,
				626D57DF277D22AA00E59B45 /* Frameworks */,
				626D57E0277D22AA00E59B45 /* Resources */,
			);
			buildRules = (
			);
			dependencies = (
				626D57E4277D22AA00E59B45 /* PBXTargetDependency */,
			);
			name = "Tests macOS";
			productName = "Tests macOS";
			productReference = 626D57E2277D22AA00E59B45 /* Tests macOS.xctest */;
			productType = "com.apple.product-type.bundle.ui-testing";
		};
/* End PBXNativeTarget section */

/* Begin PBXProject section */
		626D57BA277D22A900E59B45 /* Project object */ = {
			isa = PBXProject;
			attributes = {
				BuildIndependentTargetsInParallel = 1;
				LastSwiftUpdateCheck = 1320;
				LastUpgradeCheck = 1320;
				TargetAttributes = {
					626D57C8277D22AA00E59B45 = {
						CreatedOnToolsVersion = 13.2.1;
					};
					626D57CE277D22AA00E59B45 = {
						CreatedOnToolsVersion = 13.2.1;
					};
					626D57D5277D22AA00E59B45 = {
						CreatedOnToolsVersion = 13.2.1;
						TestTargetID = 626D57C8277D22AA00E59B45;
					};
					626D57E1277D22AA00E59B45 = {
						CreatedOnToolsVersion = 13.2.1;
						TestTargetID = 626D57CE277D22AA00E59B45;
					};
				};
			};
			buildConfigurationList = 626D57BD277D22A900E59B45 /* Build configuration list for PBXProject "Daily Goals" */;
			compatibilityVersion = "Xcode 13.0";
			developmentRegion = en;
			hasScannedForEncodings = 0;
			knownRegions = (
				en,
				Base,
			);
			mainGroup = 626D57B9277D22A900E59B45;
			productRefGroup = 626D57CA277D22AA00E59B45 /* Products */;
			projectDirPath = "";
			projectRoot = "";
			targets = (
				626D57C8277D22AA00E59B45 /* Daily Goals (iOS) */,
				626D57CE277D22AA00E59B45 /* Daily Goals (macOS) */,
				626D57D5277D22AA00E59B45 /* Tests iOS */,
				626D57E1277D22AA00E59B45 /* Tests macOS */,
			);
		};
/* End PBXProject section */

/* Begin PBXResourcesBuildPhase section */
		626D57C7277D22AA00E59B45 /* Resources */ = {
			isa = PBXResourcesBuildPhase;
			buildActionMask = 2147483647;
			files = (
				626D57F2277D22AA00E59B45 /* Assets.xcassets in Resources */,
			);
			runOnlyForDeploymentPostprocessing = 0;
		};
		626D57CD277D22AA00E59B45 /* Resources */ = {
			isa = PBXResourcesBuildPhase;
			buildActionMask = 2147483647;
			files = (
				626D57F3277D22AA00E59B45 /* Assets.xcassets in Resources */,
			);
			runOnlyForDeploymentPostprocessing = 0;
		};
		626D57D4277D22AA00E59B45 /* Resources */ = {
			isa = PBXResourcesBuildPhase;
			buildActionMask = 2147483647;
			files = (
			);
			runOnlyForDeploymentPostprocessing = 0;
		};
		626D57E0277D22AA00E59B45 /* Resources */ = {
			isa = PBXResourcesBuildPhase;
			buildActionMask = 2147483647;
			files = (
			);
			runOnlyForDeploymentPostprocessing = 0;
		};
/* End PBXResourcesBuildPhase section */

/* Begin PBXSourcesBuildPhase section */
		626D57C5277D22AA00E59B45 /* Sources */ = {
			isa = PBXSourcesBuildPhase;
			buildActionMask = 2147483647;
			files = (
				62BDCBA5277E10CD00519D18 /* DataManager+GoalRecord.swift in Sources */,
				62956593277D451D009CFF0D /* AddNewGoalViewModel.swift in Sources */,
				62912E85277DDB60001EC7C1 /* DataManager.swift in Sources */,
				62BDCBA2277E0DF900519D18 /* DataManager+Goal.swift in Sources */,
				626D57EC277D22AA00E59B45 /* Daily_GoalsApp.swift in Sources */,
				626D5806277D294B00E59B45 /* TLGoalRecord.swift in Sources */,
				62956599277D45D6009CFF0D /* AddNewGoalView.swift in Sources */,
				626D57F0277D22AA00E59B45 /* Persistence.swift in Sources */,
				626D5803277D272100E59B45 /* TLGoal.swift in Sources */,
				62BDCBB2277E1E8400519D18 /* Color+CustomColors.swift in Sources */,
				62BDCBA8277E1A8600519D18 /* MyGoalsViewModel.swift in Sources */,
				626D5809277D2A0D00E59B45 /* Persistence+Preview.swift in Sources */,
				62BDCB9F277DFC7300519D18 /* AddNewViewModel.swift in Sources */,
				626D57EA277D22AA00E59B45 /* Daily_Goals.xcdatamodeld in Sources */,
				62956596277D458D009CFF0D /* GoalIcon.swift in Sources */,
				62B97B29277D38B50011C6E6 /* MyGoalsItemView.swift in Sources */,
				626D57EE277D22AA00E59B45 /* MyGoalsView.swift in Sources */,
			);
			runOnlyForDeploymentPostprocessing = 0;
		};
		626D57CB277D22AA00E59B45 /* Sources */ = {
			isa = PBXSourcesBuildPhase;
			buildActionMask = 2147483647;
			files = (
				62BDCBA6277E10CD00519D18 /* DataManager+GoalRecord.swift in Sources */,
				62956594277D451D009CFF0D /* AddNewGoalViewModel.swift in Sources */,
				62912E86277DDB60001EC7C1 /* DataManager.swift in Sources */,
				62BDCBA3277E0DF900519D18 /* DataManager+Goal.swift in Sources */,
				626D57ED277D22AA00E59B45 /* Daily_GoalsApp.swift in Sources */,
				626D5807277D294B00E59B45 /* TLGoalRecord.swift in Sources */,
				6295659A277D45D6009CFF0D /* AddNewGoalView.swift in Sources */,
				626D57F1277D22AA00E59B45 /* Persistence.swift in Sources */,
				626D5804277D272100E59B45 /* TLGoal.swift in Sources */,
				62BDCBB3277E1E8400519D18 /* Color+CustomColors.swift in Sources */,
				62BDCBA9277E1A8600519D18 /* MyGoalsViewModel.swift in Sources */,
				626D580A277D2A0D00E59B45 /* Persistence+Preview.swift in Sources */,
				62BDCBA0277DFC7300519D18 /* AddNewViewModel.swift in Sources */,
				626D57EB277D22AA00E59B45 /* Daily_Goals.xcdatamodeld in Sources */,
				62956597277D458D009CFF0D /* GoalIcon.swift in Sources */,
				62B97B2A277D38B50011C6E6 /* MyGoalsItemView.swift in Sources */,
				626D57EF277D22AA00E59B45 /* MyGoalsView.swift in Sources */,
			);
			runOnlyForDeploymentPostprocessing = 0;
		};
		626D57D2277D22AA00E59B45 /* Sources */ = {
			isa = PBXSourcesBuildPhase;
			buildActionMask = 2147483647;
			files = (
				626D57DD277D22AA00E59B45 /* Tests_iOSLaunchTests.swift in Sources */,
				626D57DB277D22AA00E59B45 /* Tests_iOS.swift in Sources */,
			);
			runOnlyForDeploymentPostprocessing = 0;
		};
		626D57DE277D22AA00E59B45 /* Sources */ = {
			isa = PBXSourcesBuildPhase;
			buildActionMask = 2147483647;
			files = (
				626D57E9277D22AA00E59B45 /* Tests_macOSLaunchTests.swift in Sources */,
				626D57E7277D22AA00E59B45 /* Tests_macOS.swift in Sources */,
			);
			runOnlyForDeploymentPostprocessing = 0;
		};
/* End PBXSourcesBuildPhase section */

/* Begin PBXTargetDependency section */
		626D57D8277D22AA00E59B45 /* PBXTargetDependency */ = {
			isa = PBXTargetDependency;
			target = 626D57C8277D22AA00E59B45 /* Daily Goals (iOS) */;
			targetProxy = 626D57D7277D22AA00E59B45 /* PBXContainerItemProxy */;
		};
		626D57E4277D22AA00E59B45 /* PBXTargetDependency */ = {
			isa = PBXTargetDependency;
			target = 626D57CE277D22AA00E59B45 /* Daily Goals (macOS) */;
			targetProxy = 626D57E3277D22AA00E59B45 /* PBXContainerItemProxy */;
		};
/* End PBXTargetDependency section */

/* Begin XCBuildConfiguration section */
		626D57F4277D22AA00E59B45 /* Debug */ = {
			isa = XCBuildConfiguration;
			buildSettings = {
				ALWAYS_SEARCH_USER_PATHS = NO;
				CLANG_ANALYZER_NONNULL = YES;
				CLANG_ANALYZER_NUMBER_OBJECT_CONVERSION = YES_AGGRESSIVE;
				CLANG_CXX_LANGUAGE_STANDARD = "gnu++17";
				CLANG_CXX_LIBRARY = "libc++";
				CLANG_ENABLE_MODULES = YES;
				CLANG_ENABLE_OBJC_ARC = YES;
				CLANG_ENABLE_OBJC_WEAK = YES;
				CLANG_WARN_BLOCK_CAPTURE_AUTORELEASING = YES;
				CLANG_WARN_BOOL_CONVERSION = YES;
				CLANG_WARN_COMMA = YES;
				CLANG_WARN_CONSTANT_CONVERSION = YES;
				CLANG_WARN_DEPRECATED_OBJC_IMPLEMENTATIONS = YES;
				CLANG_WARN_DIRECT_OBJC_ISA_USAGE = YES_ERROR;
				CLANG_WARN_DOCUMENTATION_COMMENTS = YES;
				CLANG_WARN_EMPTY_BODY = YES;
				CLANG_WARN_ENUM_CONVERSION = YES;
				CLANG_WARN_INFINITE_RECURSION = YES;
				CLANG_WARN_INT_CONVERSION = YES;
				CLANG_WARN_NON_LITERAL_NULL_CONVERSION = YES;
				CLANG_WARN_OBJC_IMPLICIT_RETAIN_SELF = YES;
				CLANG_WARN_OBJC_LITERAL_CONVERSION = YES;
				CLANG_WARN_OBJC_ROOT_CLASS = YES_ERROR;
				CLANG_WARN_QUOTED_INCLUDE_IN_FRAMEWORK_HEADER = YES;
				CLANG_WARN_RANGE_LOOP_ANALYSIS = YES;
				CLANG_WARN_STRICT_PROTOTYPES = YES;
				CLANG_WARN_SUSPICIOUS_MOVE = YES;
				CLANG_WARN_UNGUARDED_AVAILABILITY = YES_AGGRESSIVE;
				CLANG_WARN_UNREACHABLE_CODE = YES;
				CLANG_WARN__DUPLICATE_METHOD_MATCH = YES;
				COPY_PHASE_STRIP = NO;
				DEBUG_INFORMATION_FORMAT = dwarf;
				ENABLE_STRICT_OBJC_MSGSEND = YES;
				ENABLE_TESTABILITY = YES;
				GCC_C_LANGUAGE_STANDARD = gnu11;
				GCC_DYNAMIC_NO_PIC = NO;
				GCC_NO_COMMON_BLOCKS = YES;
				GCC_OPTIMIZATION_LEVEL = 0;
				GCC_PREPROCESSOR_DEFINITIONS = (
					"DEBUG=1",
					"$(inherited)",
				);
				GCC_WARN_64_TO_32_BIT_CONVERSION = YES;
				GCC_WARN_ABOUT_RETURN_TYPE = YES_ERROR;
				GCC_WARN_UNDECLARED_SELECTOR = YES;
				GCC_WARN_UNINITIALIZED_AUTOS = YES_AGGRESSIVE;
				GCC_WARN_UNUSED_FUNCTION = YES;
				GCC_WARN_UNUSED_VARIABLE = YES;
				MTL_ENABLE_DEBUG_INFO = INCLUDE_SOURCE;
				MTL_FAST_MATH = YES;
				ONLY_ACTIVE_ARCH = YES;
				SWIFT_ACTIVE_COMPILATION_CONDITIONS = DEBUG;
				SWIFT_OPTIMIZATION_LEVEL = "-Onone";
			};
			name = Debug;
		};
		626D57F5277D22AA00E59B45 /* Release */ = {
			isa = XCBuildConfiguration;
			buildSettings = {
				ALWAYS_SEARCH_USER_PATHS = NO;
				CLANG_ANALYZER_NONNULL = YES;
				CLANG_ANALYZER_NUMBER_OBJECT_CONVERSION = YES_AGGRESSIVE;
				CLANG_CXX_LANGUAGE_STANDARD = "gnu++17";
				CLANG_CXX_LIBRARY = "libc++";
				CLANG_ENABLE_MODULES = YES;
				CLANG_ENABLE_OBJC_ARC = YES;
				CLANG_ENABLE_OBJC_WEAK = YES;
				CLANG_WARN_BLOCK_CAPTURE_AUTORELEASING = YES;
				CLANG_WARN_BOOL_CONVERSION = YES;
				CLANG_WARN_COMMA = YES;
				CLANG_WARN_CONSTANT_CONVERSION = YES;
				CLANG_WARN_DEPRECATED_OBJC_IMPLEMENTATIONS = YES;
				CLANG_WARN_DIRECT_OBJC_ISA_USAGE = YES_ERROR;
				CLANG_WARN_DOCUMENTATION_COMMENTS = YES;
				CLANG_WARN_EMPTY_BODY = YES;
				CLANG_WARN_ENUM_CONVERSION = YES;
				CLANG_WARN_INFINITE_RECURSION = YES;
				CLANG_WARN_INT_CONVERSION = YES;
				CLANG_WARN_NON_LITERAL_NULL_CONVERSION = YES;
				CLANG_WARN_OBJC_IMPLICIT_RETAIN_SELF = YES;
				CLANG_WARN_OBJC_LITERAL_CONVERSION = YES;
				CLANG_WARN_OBJC_ROOT_CLASS = YES_ERROR;
				CLANG_WARN_QUOTED_INCLUDE_IN_FRAMEWORK_HEADER = YES;
				CLANG_WARN_RANGE_LOOP_ANALYSIS = YES;
				CLANG_WARN_STRICT_PROTOTYPES = YES;
				CLANG_WARN_SUSPICIOUS_MOVE = YES;
				CLANG_WARN_UNGUARDED_AVAILABILITY = YES_AGGRESSIVE;
				CLANG_WARN_UNREACHABLE_CODE = YES;
				CLANG_WARN__DUPLICATE_METHOD_MATCH = YES;
				COPY_PHASE_STRIP = NO;
				DEBUG_INFORMATION_FORMAT = "dwarf-with-dsym";
				ENABLE_NS_ASSERTIONS = NO;
				ENABLE_STRICT_OBJC_MSGSEND = YES;
				GCC_C_LANGUAGE_STANDARD = gnu11;
				GCC_NO_COMMON_BLOCKS = YES;
				GCC_WARN_64_TO_32_BIT_CONVERSION = YES;
				GCC_WARN_ABOUT_RETURN_TYPE = YES_ERROR;
				GCC_WARN_UNDECLARED_SELECTOR = YES;
				GCC_WARN_UNINITIALIZED_AUTOS = YES_AGGRESSIVE;
				GCC_WARN_UNUSED_FUNCTION = YES;
				GCC_WARN_UNUSED_VARIABLE = YES;
				MTL_ENABLE_DEBUG_INFO = NO;
				MTL_FAST_MATH = YES;
				SWIFT_COMPILATION_MODE = wholemodule;
				SWIFT_OPTIMIZATION_LEVEL = "-O";
			};
			name = Release;
		};
		626D57F7277D22AA00E59B45 /* Debug */ = {
			isa = XCBuildConfiguration;
			buildSettings = {
				ASSETCATALOG_COMPILER_APPICON_NAME = AppIcon;
				ASSETCATALOG_COMPILER_GLOBAL_ACCENT_COLOR_NAME = AccentColor;
				CODE_SIGN_STYLE = Automatic;
				CURRENT_PROJECT_VERSION = 1;
				DEVELOPMENT_TEAM = PVKFJ5KXUY;
				ENABLE_PREVIEWS = YES;
				GENERATE_INFOPLIST_FILE = YES;
				INFOPLIST_KEY_UIApplicationSceneManifest_Generation = YES;
				INFOPLIST_KEY_UIApplicationSupportsIndirectInputEvents = YES;
				INFOPLIST_KEY_UILaunchScreen_Generation = YES;
				INFOPLIST_KEY_UISupportedInterfaceOrientations_iPad = "UIInterfaceOrientationPortrait UIInterfaceOrientationPortraitUpsideDown UIInterfaceOrientationLandscapeLeft UIInterfaceOrientationLandscapeRight";
				INFOPLIST_KEY_UISupportedInterfaceOrientations_iPhone = "UIInterfaceOrientationPortrait UIInterfaceOrientationLandscapeLeft UIInterfaceOrientationLandscapeRight";
				IPHONEOS_DEPLOYMENT_TARGET = 15.2;
				LD_RUNPATH_SEARCH_PATHS = (
					"$(inherited)",
					"@executable_path/Frameworks",
				);
				MARKETING_VERSION = 1.0;
				PRODUCT_BUNDLE_IDENTIFIER = "net.insoc.Daily-Goals";
				PRODUCT_NAME = "Daily Goals";
				SDKROOT = iphoneos;
				SWIFT_EMIT_LOC_STRINGS = YES;
				SWIFT_VERSION = 5.0;
				TARGETED_DEVICE_FAMILY = "1,2";
			};
			name = Debug;
		};
		626D57F8277D22AA00E59B45 /* Release */ = {
			isa = XCBuildConfiguration;
			buildSettings = {
				ASSETCATALOG_COMPILER_APPICON_NAME = AppIcon;
				ASSETCATALOG_COMPILER_GLOBAL_ACCENT_COLOR_NAME = AccentColor;
				CODE_SIGN_STYLE = Automatic;
				CURRENT_PROJECT_VERSION = 1;
				DEVELOPMENT_TEAM = PVKFJ5KXUY;
				ENABLE_PREVIEWS = YES;
				GENERATE_INFOPLIST_FILE = YES;
				INFOPLIST_KEY_UIApplicationSceneManifest_Generation = YES;
				INFOPLIST_KEY_UIApplicationSupportsIndirectInputEvents = YES;
				INFOPLIST_KEY_UILaunchScreen_Generation = YES;
				INFOPLIST_KEY_UISupportedInterfaceOrientations_iPad = "UIInterfaceOrientationPortrait UIInterfaceOrientationPortraitUpsideDown UIInterfaceOrientationLandscapeLeft UIInterfaceOrientationLandscapeRight";
				INFOPLIST_KEY_UISupportedInterfaceOrientations_iPhone = "UIInterfaceOrientationPortrait UIInterfaceOrientationLandscapeLeft UIInterfaceOrientationLandscapeRight";
				IPHONEOS_DEPLOYMENT_TARGET = 15.2;
				LD_RUNPATH_SEARCH_PATHS = (
					"$(inherited)",
					"@executable_path/Frameworks",
				);
				MARKETING_VERSION = 1.0;
				PRODUCT_BUNDLE_IDENTIFIER = "net.insoc.Daily-Goals";
				PRODUCT_NAME = "Daily Goals";
				SDKROOT = iphoneos;
				SWIFT_EMIT_LOC_STRINGS = YES;
				SWIFT_VERSION = 5.0;
				TARGETED_DEVICE_FAMILY = "1,2";
				VALIDATE_PRODUCT = YES;
			};
			name = Release;
		};
		626D57FA277D22AA00E59B45 /* Debug */ = {
			isa = XCBuildConfiguration;
			buildSettings = {
				ASSETCATALOG_COMPILER_APPICON_NAME = AppIcon;
				ASSETCATALOG_COMPILER_GLOBAL_ACCENT_COLOR_NAME = AccentColor;
				CODE_SIGN_ENTITLEMENTS = macOS/macOS.entitlements;
				CODE_SIGN_STYLE = Automatic;
				COMBINE_HIDPI_IMAGES = YES;
				CURRENT_PROJECT_VERSION = 1;
				DEVELOPMENT_TEAM = PVKFJ5KXUY;
				ENABLE_HARDENED_RUNTIME = YES;
				ENABLE_PREVIEWS = YES;
				GENERATE_INFOPLIST_FILE = YES;
				INFOPLIST_KEY_NSHumanReadableCopyright = "";
				LD_RUNPATH_SEARCH_PATHS = (
					"$(inherited)",
					"@executable_path/../Frameworks",
				);
				MACOSX_DEPLOYMENT_TARGET = 12.1;
				MARKETING_VERSION = 1.0;
				PRODUCT_BUNDLE_IDENTIFIER = "net.insoc.Daily-Goals";
				PRODUCT_NAME = "Daily Goals";
				SDKROOT = macosx;
				SWIFT_EMIT_LOC_STRINGS = YES;
				SWIFT_VERSION = 5.0;
			};
			name = Debug;
		};
		626D57FB277D22AA00E59B45 /* Release */ = {
			isa = XCBuildConfiguration;
			buildSettings = {
				ASSETCATALOG_COMPILER_APPICON_NAME = AppIcon;
				ASSETCATALOG_COMPILER_GLOBAL_ACCENT_COLOR_NAME = AccentColor;
				CODE_SIGN_ENTITLEMENTS = macOS/macOS.entitlements;
				CODE_SIGN_STYLE = Automatic;
				COMBINE_HIDPI_IMAGES = YES;
				CURRENT_PROJECT_VERSION = 1;
				DEVELOPMENT_TEAM = PVKFJ5KXUY;
				ENABLE_HARDENED_RUNTIME = YES;
				ENABLE_PREVIEWS = YES;
				GENERATE_INFOPLIST_FILE = YES;
				INFOPLIST_KEY_NSHumanReadableCopyright = "";
				LD_RUNPATH_SEARCH_PATHS = (
					"$(inherited)",
					"@executable_path/../Frameworks",
				);
				MACOSX_DEPLOYMENT_TARGET = 12.1;
				MARKETING_VERSION = 1.0;
				PRODUCT_BUNDLE_IDENTIFIER = "net.insoc.Daily-Goals";
				PRODUCT_NAME = "Daily Goals";
				SDKROOT = macosx;
				SWIFT_EMIT_LOC_STRINGS = YES;
				SWIFT_VERSION = 5.0;
			};
			name = Release;
		};
		626D57FD277D22AA00E59B45 /* Debug */ = {
			isa = XCBuildConfiguration;
			buildSettings = {
				ALWAYS_EMBED_SWIFT_STANDARD_LIBRARIES = YES;
				CODE_SIGN_STYLE = Automatic;
				CURRENT_PROJECT_VERSION = 1;
				DEVELOPMENT_TEAM = PVKFJ5KXUY;
				GENERATE_INFOPLIST_FILE = YES;
				IPHONEOS_DEPLOYMENT_TARGET = 15.2;
				MARKETING_VERSION = 1.0;
				PRODUCT_BUNDLE_IDENTIFIER = "net.insoc.Tests-iOS";
				PRODUCT_NAME = "$(TARGET_NAME)";
				SDKROOT = iphoneos;
				SWIFT_EMIT_LOC_STRINGS = NO;
				SWIFT_VERSION = 5.0;
				TARGETED_DEVICE_FAMILY = "1,2";
				TEST_TARGET_NAME = "Daily Goals (iOS)";
			};
			name = Debug;
		};
		626D57FE277D22AA00E59B45 /* Release */ = {
			isa = XCBuildConfiguration;
			buildSettings = {
				ALWAYS_EMBED_SWIFT_STANDARD_LIBRARIES = YES;
				CODE_SIGN_STYLE = Automatic;
				CURRENT_PROJECT_VERSION = 1;
				DEVELOPMENT_TEAM = PVKFJ5KXUY;
				GENERATE_INFOPLIST_FILE = YES;
				IPHONEOS_DEPLOYMENT_TARGET = 15.2;
				MARKETING_VERSION = 1.0;
				PRODUCT_BUNDLE_IDENTIFIER = "net.insoc.Tests-iOS";
				PRODUCT_NAME = "$(TARGET_NAME)";
				SDKROOT = iphoneos;
				SWIFT_EMIT_LOC_STRINGS = NO;
				SWIFT_VERSION = 5.0;
				TARGETED_DEVICE_FAMILY = "1,2";
				TEST_TARGET_NAME = "Daily Goals (iOS)";
				VALIDATE_PRODUCT = YES;
			};
			name = Release;
		};
		626D5800277D22AA00E59B45 /* Debug */ = {
			isa = XCBuildConfiguration;
			buildSettings = {
				ALWAYS_EMBED_SWIFT_STANDARD_LIBRARIES = YES;
				CODE_SIGN_STYLE = Automatic;
				CURRENT_PROJECT_VERSION = 1;
				DEVELOPMENT_TEAM = PVKFJ5KXUY;
				GENERATE_INFOPLIST_FILE = YES;
				MACOSX_DEPLOYMENT_TARGET = 12.1;
				MARKETING_VERSION = 1.0;
				PRODUCT_BUNDLE_IDENTIFIER = "net.insoc.Tests-macOS";
				PRODUCT_NAME = "$(TARGET_NAME)";
				SDKROOT = macosx;
				SWIFT_EMIT_LOC_STRINGS = NO;
				SWIFT_VERSION = 5.0;
				TEST_TARGET_NAME = "Daily Goals (macOS)";
			};
			name = Debug;
		};
		626D5801277D22AA00E59B45 /* Release */ = {
			isa = XCBuildConfiguration;
			buildSettings = {
				ALWAYS_EMBED_SWIFT_STANDARD_LIBRARIES = YES;
				CODE_SIGN_STYLE = Automatic;
				CURRENT_PROJECT_VERSION = 1;
				DEVELOPMENT_TEAM = PVKFJ5KXUY;
				GENERATE_INFOPLIST_FILE = YES;
				MACOSX_DEPLOYMENT_TARGET = 12.1;
				MARKETING_VERSION = 1.0;
				PRODUCT_BUNDLE_IDENTIFIER = "net.insoc.Tests-macOS";
				PRODUCT_NAME = "$(TARGET_NAME)";
				SDKROOT = macosx;
				SWIFT_EMIT_LOC_STRINGS = NO;
				SWIFT_VERSION = 5.0;
				TEST_TARGET_NAME = "Daily Goals (macOS)";
			};
			name = Release;
		};
/* End XCBuildConfiguration section */

/* Begin XCConfigurationList section */
		626D57BD277D22A900E59B45 /* Build configuration list for PBXProject "Daily Goals" */ = {
			isa = XCConfigurationList;
			buildConfigurations = (
				626D57F4277D22AA00E59B45 /* Debug */,
				626D57F5277D22AA00E59B45 /* Release */,
			);
			defaultConfigurationIsVisible = 0;
			defaultConfigurationName = Release;
		};
		626D57F6277D22AA00E59B45 /* Build configuration list for PBXNativeTarget "Daily Goals (iOS)" */ = {
			isa = XCConfigurationList;
			buildConfigurations = (
				626D57F7277D22AA00E59B45 /* Debug */,
				626D57F8277D22AA00E59B45 /* Release */,
			);
			defaultConfigurationIsVisible = 0;
			defaultConfigurationName = Release;
		};
		626D57F9277D22AA00E59B45 /* Build configuration list for PBXNativeTarget "Daily Goals (macOS)" */ = {
			isa = XCConfigurationList;
			buildConfigurations = (
				626D57FA277D22AA00E59B45 /* Debug */,
				626D57FB277D22AA00E59B45 /* Release */,
			);
			defaultConfigurationIsVisible = 0;
			defaultConfigurationName = Release;
		};
		626D57FC277D22AA00E59B45 /* Build configuration list for PBXNativeTarget "Tests iOS" */ = {
			isa = XCConfigurationList;
			buildConfigurations = (
				626D57FD277D22AA00E59B45 /* Debug */,
				626D57FE277D22AA00E59B45 /* Release */,
			);
			defaultConfigurationIsVisible = 0;
			defaultConfigurationName = Release;
		};
		626D57FF277D22AA00E59B45 /* Build configuration list for PBXNativeTarget "Tests macOS" */ = {
			isa = XCConfigurationList;
			buildConfigurations = (
				626D5800277D22AA00E59B45 /* Debug */,
				626D5801277D22AA00E59B45 /* Release */,
			);
			defaultConfigurationIsVisible = 0;
			defaultConfigurationName = Release;
		};
/* End XCConfigurationList section */

/* Begin XCVersionGroup section */
		626D57BF277D22A900E59B45 /* Daily_Goals.xcdatamodeld */ = {
			isa = XCVersionGroup;
			children = (
				626D57C0277D22A900E59B45 /* Shared.xcdatamodel */,
			);
			currentVersion = 626D57C0277D22A900E59B45 /* Shared.xcdatamodel */;
			path = Daily_Goals.xcdatamodeld;
			sourceTree = "<group>";
			versionGroupType = wrapper.xcdatamodel;
		};
/* End XCVersionGroup section */
	};
	rootObject = 626D57BA277D22A900E59B45 /* Project object */;
}
